
Microsoft Visual Studio Solution File, Format Version 12.00
# Visual Studio Version 17
VisualStudioVersion = 17.1.32210.238
MinimumVisualStudioVersion = 10.0.40219.1
Project("{FAE04EC0-301F-11D3-BF4B-00C04F79EFBC}") = "RewardPoints", "RewardPoints\RewardPoints.csproj", "{DD4BF9DF-0904-4322-BB12-E73D582DD825}"
EndProject
Global
	GlobalSection(SolutionConfigurationPlatforms) = preSolution
		Debug|Any CPU = Debug|Any CPU
		Release|Any CPU = Release|Any CPU
	EndGlobalSection
	GlobalSection(ProjectConfigurationPlatforms) = postSolution
		{DD4BF9DF-0904-4322-BB12-E73D582DD825}.Debug|Any CPU.ActiveCfg = Debug|Any CPU
		{DD4BF9DF-0904-4322-BB12-E73D582DD825}.Debug|Any CPU.Build.0 = Debug|Any CPU
		{DD4BF9DF-0904-4322-BB12-E73D582DD825}.Release|Any CPU.ActiveCfg = Release|Any CPU
		{DD4BF9DF-0904-4322-BB12-E73D582DD825}.Release|Any CPU.Build.0 = Release|Any CPU
	EndGlobalSection
	GlobalSection(SolutionProperties) = preSolution
		HideSolutionNode = FALSE
	EndGlobalSection
	GlobalSection(ExtensibilityGlobals) = postSolution
		SolutionGuid = {434F8B24-6F6C-4E22-814E-0CB2D7F5921A}
	EndGlobalSection
EndGlobal
